
Microsoft Visual Studio Solution File, Format Version 12.00
# Visual Studio Version 16
VisualStudioVersion = 25.0.1706.9
MinimumVisualStudioVersion = 10.0.40219.1
Project("{FAE04EC0-301F-11D3-BF4B-00C04F79EFBC}") = "rankingEsport", "rankingEsport\rankingEsport.csproj", "{ACC5E62D-7613-491A-B011-34CA67B71ED0}"
EndProject
Global
	GlobalSection(SolutionConfigurationPlatforms) = preSolution
		Debug|Any CPU = Debug|Any CPU
		Release|Any CPU = Release|Any CPU
	EndGlobalSection
	GlobalSection(ProjectConfigurationPlatforms) = postSolution
		{ACC5E62D-7613-491A-B011-34CA67B71ED0}.Debug|Any CPU.ActiveCfg = Debug|Any CPU
		{ACC5E62D-7613-491A-B011-34CA67B71ED0}.Debug|Any CPU.Build.0 = Debug|Any CPU
		{ACC5E62D-7613-491A-B011-34CA67B71ED0}.Release|Any CPU.ActiveCfg = Release|Any CPU
		{ACC5E62D-7613-491A-B011-34CA67B71ED0}.Release|Any CPU.Build.0 = Release|Any CPU
	EndGlobalSection
	GlobalSection(SolutionProperties) = preSolution
		HideSolutionNode = FALSE
	EndGlobalSection
	GlobalSection(ExtensibilityGlobals) = postSolution
		SolutionGuid = {DFADC11A-7209-43D1-96F6-019CCDF205D6}
	EndGlobalSection
EndGlobal
